
Microsoft Visual Studio Solution File, Format Version 12.00
# Visual Studio 15
VisualStudioVersion = 15.0.28307.421
MinimumVisualStudioVersion = 10.0.40219.1
Project("{FAE04EC0-301F-11D3-BF4B-00C04F79EFBC}") = "MarketData", "MarketData\MarketData.csproj", "{BD0DF1E7-86DC-49AD-AA5D-2D9405BF6968}"
EndProject
Global
	GlobalSection(SolutionConfigurationPlatforms) = preSolution
		Debug|Any CPU = Debug|Any CPU
		Release|Any CPU = Release|Any CPU
	EndGlobalSection
	GlobalSection(ProjectConfigurationPlatforms) = postSolution
		{BD0DF1E7-86DC-49AD-AA5D-2D9405BF6968}.Debug|Any CPU.ActiveCfg = Debug|Any CPU
		{BD0DF1E7-86DC-49AD-AA5D-2D9405BF6968}.Debug|Any CPU.Build.0 = Debug|Any CPU
		{BD0DF1E7-86DC-49AD-AA5D-2D9405BF6968}.Release|Any CPU.ActiveCfg = Release|Any CPU
		{BD0DF1E7-86DC-49AD-AA5D-2D9405BF6968}.Release|Any CPU.Build.0 = Release|Any CPU
	EndGlobalSection
	GlobalSection(SolutionProperties) = preSolution
		HideSolutionNode = FALSE
	EndGlobalSection
	GlobalSection(ExtensibilityGlobals) = postSolution
		SolutionGuid = {86A7DDFF-8189-4CE9-9094-C0243FAC705F}
	EndGlobalSection
EndGlobal
